
Microsoft Visual Studio Solution File, Format Version 12.00
# Visual Studio Version 16
VisualStudioVersion = 16.0.29418.71
MinimumVisualStudioVersion = 10.0.40219.1
Project("{FAE04EC0-301F-11D3-BF4B-00C04F79EFBC}") = "markoGalavićXMLforma", "markoGalavićXMLforma\markoGalavićXMLforma.csproj", "{CFBB1EC2-46DA-4646-BB0F-7D90E4F172C8}"
EndProject
Global
	GlobalSection(SolutionConfigurationPlatforms) = preSolution
		Debug|Any CPU = Debug|Any CPU
		Release|Any CPU = Release|Any CPU
	EndGlobalSection
	GlobalSection(ProjectConfigurationPlatforms) = postSolution
		{CFBB1EC2-46DA-4646-BB0F-7D90E4F172C8}.Debug|Any CPU.ActiveCfg = Debug|Any CPU
		{CFBB1EC2-46DA-4646-BB0F-7D90E4F172C8}.Debug|Any CPU.Build.0 = Debug|Any CPU
		{CFBB1EC2-46DA-4646-BB0F-7D90E4F172C8}.Release|Any CPU.ActiveCfg = Release|Any CPU
		{CFBB1EC2-46DA-4646-BB0F-7D90E4F172C8}.Release|Any CPU.Build.0 = Release|Any CPU
	EndGlobalSection
	GlobalSection(SolutionProperties) = preSolution
		HideSolutionNode = FALSE
	EndGlobalSection
	GlobalSection(ExtensibilityGlobals) = postSolution
		SolutionGuid = {EA3DC600-5DAE-45C0-B982-091DAFAA0048}
	EndGlobalSection
EndGlobal
